
Microsoft Visual Studio Solution File, Format Version 12.00
# Visual Studio 15
VisualStudioVersion = 15.0.28307.329
MinimumVisualStudioVersion = 10.0.40219.1
Project("{159641D6-6404-4A2A-AE62-294DE0FE8301}") = "IS Project Combos STGN", "IS Project Combos STGN\IS Project Combos STGN.dtproj", "{9A1C1374-5156-487E-AE13-14BDC191F11D}"
EndProject
Global
	GlobalSection(SolutionConfigurationPlatforms) = preSolution
		Development|Default = Development|Default
	EndGlobalSection
	GlobalSection(ProjectConfigurationPlatforms) = postSolution
		{9A1C1374-5156-487E-AE13-14BDC191F11D}.Development|Default.ActiveCfg = Development
		{9A1C1374-5156-487E-AE13-14BDC191F11D}.Development|Default.Build.0 = Development
	EndGlobalSection
	GlobalSection(SolutionProperties) = preSolution
		HideSolutionNode = FALSE
	EndGlobalSection
	GlobalSection(ExtensibilityGlobals) = postSolution
		SolutionGuid = {E6FAB5E1-36E6-4CF5-9476-5740FA00F213}
	EndGlobalSection
EndGlobal
